PODS:
  - KeychainSwift (11.0.0)
  - Kingfisher (4.6.1)
  - OAuthSwift (1.2.2)
  - PromiseKit (6.4.0):
    - PromiseKit/CorePromise (= 6.4.0)
    - PromiseKit/Foundation (= 6.4.0)
    - PromiseKit/UIKit (= 6.4.0)
  - PromiseKit/CorePromise (6.4.0)
  - PromiseKit/Foundation (6.4.0):
    - PromiseKit/CorePromise
  - PromiseKit/UIKit (6.4.0):
    - PromiseKit/CorePromise

DEPENDENCIES:
  - KeychainSwift (~> 11.0)
  - Kingfisher (~> 4.0)
  - OAuthSwift (~> 1.2)
  - PromiseKit (~> 6.4)

SPEC REPOS:
  https://github.com/CocoaPods/Specs.git:
    - KeychainSwift
    - Kingfisher
    - OAuthSwift
    - PromiseKit

SPEC CHECKSUMS:
  KeychainSwift: bea6bd9f98af7b8d7ca4aa79fe105c00fab532db
  Kingfisher: 1f9157d9c02b380cbd0b7cc890161195164eb634
  OAuthSwift: 27b34fe80b76b67cd8f45571e0be2432bc9f6de1
  PromiseKit: ae3616f45d7bb9bf4ff1e91abc9b7a8c48a340e0

PODFILE CHECKSUM: edc150125f486c6016c8faf795a0e49597b57e2b

COCOAPODS: 1.5.0
